
Microsoft Visual Studio Solution File, Format Version 12.00
# Visual Studio 14
VisualStudioVersion = 14.0.25420.1
MinimumVisualStudioVersion = 10.0.40219.1
Project("{FAE04EC0-301F-11D3-BF4B-00C04F79EFBC}") = "QuanLyDiemSinhVien", "QuanLyDiemSinhVien\QuanLyDiemSinhVien.csproj", "{DD26C807-83D6-4CC9-B09D-E0695D3847DB}"
EndProject
Global
	GlobalSection(SolutionConfigurationPlatforms) = preSolution
		Debug|Any CPU = Debug|Any CPU
		Release|Any CPU = Release|Any CPU
	EndGlobalSection
	GlobalSection(ProjectConfigurationPlatforms) = postSolution
		{DD26C807-83D6-4CC9-B09D-E0695D3847DB}.Debug|Any CPU.ActiveCfg = Debug|Any CPU
		{DD26C807-83D6-4CC9-B09D-E0695D3847DB}.Debug|Any CPU.Build.0 = Debug|Any CPU
		{DD26C807-83D6-4CC9-B09D-E0695D3847DB}.Release|Any CPU.ActiveCfg = Release|Any CPU
		{DD26C807-83D6-4CC9-B09D-E0695D3847DB}.Release|Any CPU.Build.0 = Release|Any CPU
	EndGlobalSection
	GlobalSection(SolutionProperties) = preSolution
		HideSolutionNode = FALSE
	EndGlobalSection
	GlobalSection(TeamFoundationVersionControl) = preSolution
		SccNumberOfProjects = 2
		SccEnterpriseProvider = {4CA58AB2-18FA-4F8D-95D4-32DDF27D184C}
		SccTeamFoundationServer = https://hoanglcprojects.visualstudio.com/
		SccLocalPath0 = .
		SccProjectUniqueName1 = QuanLyDiemSinhVien\\QuanLyDiemSinhVien.csproj
		SccProjectName1 = QuanLyDiemSinhVien
		SccLocalPath1 = QuanLyDiemSinhVien
	EndGlobalSection
EndGlobal
